
Microsoft Visual Studio Solution File, Format Version 12.00
# Visual Studio 15
VisualStudioVersion = 15.0.27703.2000
MinimumVisualStudioVersion = 10.0.40219.1
Project("{FAE04EC0-301F-11D3-BF4B-00C04F79EFBC}") = "VelyseTheme", "VelyseTheme\VelyseTheme.csproj", "{DD6F0A76-8973-4EEE-AE6A-4FD2763F011C}"
EndProject
Project("{FAE04EC0-301F-11D3-BF4B-00C04F79EFBC}") = "Example", "Example\Example.csproj", "{0AE0A724-E744-4CDC-BFF0-C7200F3CCDE9}"
EndProject
Global
	GlobalSection(SolutionConfigurationPlatforms) = preSolution
		Debug|Any CPU = Debug|Any CPU
		Release|Any CPU = Release|Any CPU
	EndGlobalSection
	GlobalSection(ProjectConfigurationPlatforms) = postSolution
		{DD6F0A76-8973-4EEE-AE6A-4FD2763F011C}.Debug|Any CPU.ActiveCfg = Debug|Any CPU
		{DD6F0A76-8973-4EEE-AE6A-4FD2763F011C}.Debug|Any CPU.Build.0 = Debug|Any CPU
		{DD6F0A76-8973-4EEE-AE6A-4FD2763F011C}.Release|Any CPU.ActiveCfg = Release|Any CPU
		{DD6F0A76-8973-4EEE-AE6A-4FD2763F011C}.Release|Any CPU.Build.0 = Release|Any CPU
		{0AE0A724-E744-4CDC-BFF0-C7200F3CCDE9}.Debug|Any CPU.ActiveCfg = Debug|Any CPU
		{0AE0A724-E744-4CDC-BFF0-C7200F3CCDE9}.Debug|Any CPU.Build.0 = Debug|Any CPU
		{0AE0A724-E744-4CDC-BFF0-C7200F3CCDE9}.Release|Any CPU.ActiveCfg = Release|Any CPU
		{0AE0A724-E744-4CDC-BFF0-C7200F3CCDE9}.Release|Any CPU.Build.0 = Release|Any CPU
	EndGlobalSection
	GlobalSection(SolutionProperties) = preSolution
		HideSolutionNode = FALSE
	EndGlobalSection
	GlobalSection(ExtensibilityGlobals) = postSolution
		SolutionGuid = {FFD52877-B5D4-4729-B1F2-A85747CD675A}
	EndGlobalSection
EndGlobal
